// !$*UTF8*$!
{
	archiveVersion = 1;
	classes = {
	};
	objectVersion = 48;
	objects = {

/* Begin PBXBuildFile section */
		843B4C841F832B0A000B20EA /* AppDelegate.swift in Sources */ = {isa = PBXBuildFile; fileRef = 843B4C831F832B0A000B20EA /* AppDelegate.swift */; };
		843B4C861F832B0A000B20EA /* ViewController.swift in Sources */ = {isa = PBXBuildFile; fileRef = 843B4C851F832B0A000B20EA /* ViewController.swift */; };
		843B4C891F832B0A000B20EA /* Main.storyboard in Resources */ = {isa = PBXBuildFile; fileRef = 843B4C871F832B0A000B20EA /* Main.storyboard */; };
		843B4C8B1F832B0A000B20EA /* Assets.xcassets in Resources */ = {isa = PBXBuildFile; fileRef = 843B4C8A1F832B0A000B20EA /* Assets.xcassets */; };
		843B4C8E1F832B0A000B20EA /* LaunchScreen.storyboard in Resources */ = {isa = PBXBuildFile; fileRef = 843B4C8C1F832B0A000B20EA /* LaunchScreen.storyboard */; };
/* End PBXBuildFile section */

/* Begin PBXContainerItemProxy section */
		843B4C9A1F832B4E000B20EA /* PBXContainerItemProxy */ = {
			isa = PBXContainerItemProxy;
			containerPortal = 843B4C951F832B4E000B20EA /* NxEnabled.xcodeproj */;
			proxyType = 2;
			remoteGlobalIDString = 846931021E45AD5F00008405;
			remoteInfo = "NxEnabled iOS";
		};
		843B4C9C1F832B4E000B20EA /* PBXContainerItemProxy */ = {
			isa = PBXContainerItemProxy;
			containerPortal = 843B4C951F832B4E000B20EA /* NxEnabled.xcodeproj */;
			proxyType = 2;
			remoteGlobalIDString = 848853121E4B00F700AC207E;
			remoteInfo = NxEnabledTests;
		};
/* End PBXContainerItemProxy section */

/* Begin PBXFileReference section */
		843B4C801F832B0A000B20EA /* NxEnabledExample.app */ = {isa = PBXFileReference; explicitFileType = wrapper.application; includeInIndex = 0; path = NxEnabledExample.app; sourceTree = BUILT_PRODUCTS_DIR; };
		843B4C831F832B0A000B20EA /* AppDelegate.swift */ = {isa = PBXFileReference; lastKnownFileType = sourcecode.swift; path = AppDelegate.swift; sourceTree = "<group>"; };
		843B4C851F832B0A000B20EA /* ViewController.swift */ = {isa = PBXFileReference; lastKnownFileType = sourcecode.swift; path = ViewController.swift; sourceTree = "<group>"; };
		843B4C881F832B0A000B20EA /* Base */ = {isa = PBXFileReference; lastKnownFileType = file.storyboard; name = Base; path = Base.lproj/Main.storyboard; sourceTree = "<group>"; };
		843B4C8A1F832B0A000B20EA /* Assets.xcassets */ = {isa = PBXFileReference; lastKnownFileType = folder.assetcatalog; path = Assets.xcassets; sourceTree = "<group>"; };
		843B4C8D1F832B0A000B20EA /* Base */ = {isa = PBXFileReference; lastKnownFileType = file.storyboard; name = Base; path = Base.lproj/LaunchScreen.storyboard; sourceTree = "<group>"; };
		843B4C8F1F832B0A000B20EA /* Info.plist */ = {isa = PBXFileReference; lastKnownFileType = text.plist.xml; path = Info.plist; sourceTree = "<group>"; };
		843B4C951F832B4E000B20EA /* NxEnabled.xcodeproj */ = {isa = PBXFileReference; lastKnownFileType = "wrapper.pb-project"; name = NxEnabled.xcodeproj; path = ../NxEnabled.xcodeproj; sourceTree = "<group>"; };
/* End PBXFileReference section */

/* Begin PBXFrameworksBuildPhase section */
		843B4C7D1F832B0A000B20EA /* Frameworks */ = {
			isa = PBXFrameworksBuildPhase;
			buildActionMask = 2147483647;
			files = (
			);
			runOnlyForDeploymentPostprocessing = 0;
		};
/* End PBXFrameworksBuildPhase section */

/* Begin PBXGroup section */
		843B4C771F832B0A000B20EA = {
			isa = PBXGroup;
			children = (
				843B4C951F832B4E000B20EA /* NxEnabled.xcodeproj */,
				843B4C821F832B0A000B20EA /* NxEnabledExample */,
				843B4C811F832B0A000B20EA /* Products */,
			);
			sourceTree = "<group>";
		};
		843B4C811F832B0A000B20EA /* Products */ = {
			isa = PBXGroup;
			children = (
				843B4C801F832B0A000B20EA /* NxEnabledExample.app */,
			);
			name = Products;
			sourceTree = "<group>";
		};
		843B4C821F832B0A000B20EA /* NxEnabledExample */ = {
			isa = PBXGroup;
			children = (
				843B4C831F832B0A000B20EA /* AppDelegate.swift */,
				843B4C851F832B0A000B20EA /* ViewController.swift */,
				843B4C871F832B0A000B20EA /* Main.storyboard */,
				843B4C8A1F832B0A000B20EA /* Assets.xcassets */,
				843B4C8C1F832B0A000B20EA /* LaunchScreen.storyboard */,
				843B4C8F1F832B0A000B20EA /* Info.plist */,
			);
			path = NxEnabledExample;
			sourceTree = "<group>";
		};
		843B4C961F832B4E000B20EA /* Products */ = {
			isa = PBXGroup;
			children = (
				843B4C9B1F832B4E000B20EA /* NxEnabled.framework */,
				843B4C9D1F832B4E000B20EA /* NxEnabledTests.xctest */,
			);
			name = Products;
			sourceTree = "<group>";
		};
/* End PBXGroup section */

/* Begin PBXNativeTarget section */
		843B4C7F1F832B0A000B20EA /* NxEnabledExample */ = {
			isa = PBXNativeTarget;
			buildConfigurationList = 843B4C921F832B0A000B20EA /* Build configuration list for PBXNativeTarget "NxEnabledExample" */;
			buildPhases = (
				843B4C7C1F832B0A000B20EA /* Sources */,
				843B4C7D1F832B0A000B20EA /* Frameworks */,
				843B4C7E1F832B0A000B20EA /* Resources */,
			);
			buildRules = (
			);
			dependencies = (
			);
			name = NxEnabledExample;
			productName = NxEnabledExample;
			productReference = 843B4C801F832B0A000B20EA /* NxEnabledExample.app */;
			productType = "com.apple.product-type.application";
		};
/* End PBXNativeTarget section */

/* Begin PBXProject section */
		843B4C781F832B0A000B20EA /* Project object */ = {
			isa = PBXProject;
			attributes = {
				LastSwiftUpdateCheck = 0900;
				LastUpgradeCheck = 0900;
				ORGANIZATIONNAME = "Nikita Ermolenko";
				TargetAttributes = {
					843B4C7F1F832B0A000B20EA = {
						CreatedOnToolsVersion = 9.0;
						ProvisioningStyle = Automatic;
					};
				};
			};
			buildConfigurationList = 843B4C7B1F832B0A000B20EA /* Build configuration list for PBXProject "NxEnabledExample" */;
			compatibilityVersion = "Xcode 8.0";
			developmentRegion = en;
			hasScannedForEncodings = 0;
			knownRegions = (
				en,
				Base,
			);
			mainGroup = 843B4C771F832B0A000B20EA;
			productRefGroup = 843B4C811F832B0A000B20EA /* Products */;
			projectDirPath = "";
			projectReferences = (
				{
					ProductGroup = 843B4C961F832B4E000B20EA /* Products */;
					ProjectRef = 843B4C951F832B4E000B20EA /* NxEnabled.xcodeproj */;
				},
			);
			projectRoot = "";
			targets = (
				843B4C7F1F832B0A000B20EA /* NxEnabledExample */,
			);
		};
/* End PBXProject section */

/* Begin PBXReferenceProxy section */
		843B4C9B1F832B4E000B20EA /* NxEnabled.framework */ = {
			isa = PBXReferenceProxy;
			fileType = wrapper.framework;
			path = NxEnabled.framework;
			remoteRef = 843B4C9A1F832B4E000B20EA /* PBXContainerItemProxy */;
			sourceTree = BUILT_PRODUCTS_DIR;
		};
		843B4C9D1F832B4E000B20EA /* NxEnabledTests.xctest */ = {
			isa = PBXReferenceProxy;
			fileType = wrapper.cfbundle;
			path = NxEnabledTests.xctest;
			remoteRef = 843B4C9C1F832B4E000B20EA /* PBXContainerItemProxy */;
			sourceTree = BUILT_PRODUCTS_DIR;
		};
/* End PBXReferenceProxy section */

/* Begin PBXResourcesBuildPhase section */
		843B4C7E1F832B0A000B20EA /* Resources */ = {
			isa = PBXResourcesBuildPhase;
			buildActionMask = 2147483647;
			files = (
				843B4C8E1F832B0A000B20EA /* LaunchScreen.storyboard in Resources */,
				843B4C8B1F832B0A000B20EA /* Assets.xcassets in Resources */,
				843B4C891F832B0A000B20EA /* Main.storyboard in Resources */,
			);
			runOnlyForDeploymentPostprocessing = 0;
		};
/* End PBXResourcesBuildPhase section */

/* Begin PBXSourcesBuildPhase section */
		843B4C7C1F832B0A000B20EA /* Sources */ = {
			isa = PBXSourcesBuildPhase;
			buildActionMask = 2147483647;
			files = (
				843B4C861F832B0A000B20EA /* ViewController.swift in Sources */,
				843B4C841F832B0A000B20EA /* AppDelegate.swift in Sources */,
			);
			runOnlyForDeploymentPostprocessing = 0;
		};
/* End PBXSourcesBuildPhase section */

/* Begin PBXVariantGroup section */
		843B4C871F832B0A000B20EA /* Main.storyboard */ = {
			isa = PBXVariantGroup;
			children = (
				843B4C881F832B0A000B20EA /* Base */,
			);
			name = Main.storyboard;
			sourceTree = "<group>";
		};
		843B4C8C1F832B0A000B20EA /* LaunchScreen.storyboard */ = {
			isa = PBXVariantGroup;
			children = (
				843B4C8D1F832B0A000B20EA /* Base */,
			);
			name = LaunchScreen.storyboard;
			sourceTree = "<group>";
		};
/* End PBXVariantGroup section */

/* Begin XCBuildConfiguration section */
		843B4C901F832B0A000B20EA /* Debug */ = {
			isa = XCBuildConfiguration;
			buildSettings = {
				ALWAYS_SEARCH_USER_PATHS = NO;
				CLANG_ANALYZER_NONNULL = YES;
				CLANG_ANALYZER_NUMBER_OBJECT_CONVERSION = YES_AGGRESSIVE;
				CLANG_CXX_LANGUAGE_STANDARD = "gnu++14";
				CLANG_CXX_LIBRARY = "libc++";
				CLANG_ENABLE_MODULES = YES;
				CLANG_ENABLE_OBJC_ARC = YES;
				CLANG_WARN_BLOCK_CAPTURE_AUTORELEASING = YES;
				CLANG_WARN_BOOL_CONVERSION = YES;
				CLANG_WARN_COMMA = YES;
				CLANG_WARN_CONSTANT_CONVERSION = YES;
				CLANG_WARN_DIRECT_OBJC_ISA_USAGE = YES_ERROR;
				CLANG_WARN_DOCUMENTATION_COMMENTS = YES;
				CLANG_WARN_EMPTY_BODY = YES;
				CLANG_WARN_ENUM_CONVERSION = YES;
				CLANG_WARN_INFINITE_RECURSION = YES;
				CLANG_WARN_INT_CONVERSION = YES;
				CLANG_WARN_NON_LITERAL_NULL_CONVERSION = YES;
				CLANG_WARN_OBJC_LITERAL_CONVERSION = YES;
				CLANG_WARN_OBJC_ROOT_CLASS = YES_ERROR;
				CLANG_WARN_RANGE_LOOP_ANALYSIS = YES;
				CLANG_WARN_STRICT_PROTOTYPES = YES;
				CLANG_WARN_SUSPICIOUS_MOVE = YES;
				CLANG_WARN_UNGUARDED_AVAILABILITY = YES_AGGRESSIVE;
				CLANG_WARN_UNREACHABLE_CODE = YES;
				CLANG_WARN__DUPLICATE_METHOD_MATCH = YES;
				CODE_SIGN_IDENTITY = "iPhone Developer";
				COPY_PHASE_STRIP = NO;
				DEBUG_INFORMATION_FORMAT = dwarf;
				ENABLE_STRICT_OBJC_MSGSEND = YES;
				ENABLE_TESTABILITY = YES;
				GCC_C_LANGUAGE_STANDARD = gnu11;
				GCC_DYNAMIC_NO_PIC = NO;
				GCC_NO_COMMON_BLOCKS = YES;
				GCC_OPTIMIZATION_LEVEL = 0;
				GCC_PREPROCESSOR_DEFINITIONS = (
					"DEBUG=1",
					"$(inherited)",
				);
				GCC_WARN_64_TO_32_BIT_CONVERSION = YES;
				GCC_WARN_ABOUT_RETURN_TYPE = YES_ERROR;
				GCC_WARN_UNDECLARED_SELECTOR = YES;
				GCC_WARN_UNINITIALIZED_AUTOS = YES_AGGRESSIVE;
				GCC_WARN_UNUSED_FUNCTION = YES;
				GCC_WARN_UNUSED_VARIABLE = YES;
				IPHONEOS_DEPLOYMENT_TARGET = 11.0;
				MTL_ENABLE_DEBUG_INFO = YES;
				ONLY_ACTIVE_ARCH = YES;
				SDKROOT = iphoneos;
				SWIFT_ACTIVE_COMPILATION_CONDITIONS = DEBUG;
				SWIFT_OPTIMIZATION_LEVEL = "-Onone";
			};
			name = Debug;
		};
		843B4C911F832B0A000B20EA /* Release */ = {
			isa = XCBuildConfiguration;
			buildSettings = {
				ALWAYS_SEARCH_USER_PATHS = NO;
				CLANG_ANALYZER_NONNULL = YES;
				CLANG_ANALYZER_NUMBER_OBJECT_CONVERSION = YES_AGGRESSIVE;
				CLANG_CXX_LANGUAGE_STANDARD = "gnu++14";
				CLANG_CXX_LIBRARY = "libc++";
				CLANG_ENABLE_MODULES = YES;
				CLANG_ENABLE_OBJC_ARC = YES;
				CLANG_WARN_BLOCK_CAPTURE_AUTORELEASING = YES;
				CLANG_WARN_BOOL_CONVERSION = YES;
				CLANG_WARN_COMMA = YES;
				CLANG_WARN_CONSTANT_CONVERSION = YES;
				CLANG_WARN_DIRECT_OBJC_ISA_USAGE = YES_ERROR;
				CLANG_WARN_DOCUMENTATION_COMMENTS = YES;
				CLANG_WARN_EMPTY_BODY = YES;
				CLANG_WARN_ENUM_CONVERSION = YES;
				CLANG_WARN_INFINITE_RECURSION = YES;
				CLANG_WARN_INT_CONVERSION = YES;
				CLANG_WARN_NON_LITERAL_NULL_CONVERSION = YES;
				CLANG_WARN_OBJC_LITERAL_CONVERSION = YES;
				CLANG_WARN_OBJC_ROOT_CLASS = YES_ERROR;
				CLANG_WARN_RANGE_LOOP_ANALYSIS = YES;
				CLANG_WARN_STRICT_PROTOTYPES = YES;
				CLANG_WARN_SUSPICIOUS_MOVE = YES;
				CLANG_WARN_UNGUARDED_AVAILABILITY = YES_AGGRESSIVE;
				CLANG_WARN_UNREACHABLE_CODE = YES;
				CLANG_WARN__DUPLICATE_METHOD_MATCH = YES;
				CODE_SIGN_IDENTITY = "iPhone Developer";
				COPY_PHASE_STRIP = NO;
				DEBUG_INFORMATION_FORMAT = "dwarf-with-dsym";
				ENABLE_NS_ASSERTIONS = NO;
				ENABLE_STRICT_OBJC_MSGSEND = YES;
				GCC_C_LANGUAGE_STANDARD = gnu11;
				GCC_NO_COMMON_BLOCKS = YES;
				GCC_WARN_64_TO_32_BIT_CONVERSION = YES;
				GCC_WARN_ABOUT_RETURN_TYPE = YES_ERROR;
				GCC_WARN_UNDECLARED_SELECTOR = YES;
				GCC_WARN_UNINITIALIZED_AUTOS = YES_AGGRESSIVE;
				GCC_WARN_UNUSED_FUNCTION = YES;
				GCC_WARN_UNUSED_VARIABLE = YES;
				IPHONEOS_DEPLOYMENT_TARGET = 11.0;
				MTL_ENABLE_DEBUG_INFO = NO;
				SDKROOT = iphoneos;
				SWIFT_OPTIMIZATION_LEVEL = "-Owholemodule";
				VALIDATE_PRODUCT = YES;
			};
			name = Release;
		};
		843B4C931F832B0A000B20EA /* Debug */ = {
			isa = XCBuildConfiguration;
			buildSettings = {
				ASSETCATALOG_COMPILER_APPICON_NAME = AppIcon;
				CODE_SIGN_STYLE = Automatic;
				INFOPLIST_FILE = NxEnabledExample/Info.plist;
				LD_RUNPATH_SEARCH_PATHS = "$(inherited) @executable_path/Frameworks";
				PRODUCT_BUNDLE_IDENTIFIER = com.nikita.NxEnabledExample;
				PRODUCT_NAME = "$(TARGET_NAME)";
				SWIFT_VERSION = 4.0;
				TARGETED_DEVICE_FAMILY = "1,2";
			};
			name = Debug;
		};
		843B4C941F832B0A000B20EA /* Release */ = {
			isa = XCBuildConfiguration;
			buildSettings = {
				ASSETCATALOG_COMPILER_APPICON_NAME = AppIcon;
				CODE_SIGN_STYLE = Automatic;
				INFOPLIST_FILE = NxEnabledExample/Info.plist;
				LD_RUNPATH_SEARCH_PATHS = "$(inherited) @executable_path/Frameworks";
				PRODUCT_BUNDLE_IDENTIFIER = com.nikita.NxEnabledExample;
				PRODUCT_NAME = "$(TARGET_NAME)";
				SWIFT_VERSION = 4.0;
				TARGETED_DEVICE_FAMILY = "1,2";
			};
			name = Release;
		};
/* End XCBuildConfiguration section */

/* Begin XCConfigurationList section */
		843B4C7B1F832B0A000B20EA /* Build configuration list for PBXProject "NxEnabledExample" */ = {
			isa = XCConfigurationList;
			buildConfigurations = (
				843B4C901F832B0A000B20EA /* Debug */,
				843B4C911F832B0A000B20EA /* Release */,
			);
			defaultConfigurationIsVisible = 0;
			defaultConfigurationName = Release;
		};
		843B4C921F832B0A000B20EA /* Build configuration list for PBXNativeTarget "NxEnabledExample" */ = {
			isa = XCConfigurationList;
			buildConfigurations = (
				843B4C931F832B0A000B20EA /* Debug */,
				843B4C941F832B0A000B20EA /* Release */,
			);
			defaultConfigurationIsVisible = 0;
			defaultConfigurationName = Release;
		};
/* End XCConfigurationList section */
	};
	rootObject = 843B4C781F832B0A000B20EA /* Project object */;
}
