// !$*UTF8*$!
{
	archiveVersion = 1;
	classes = {
	};
	objectVersion = 46;
	objects = {

/* Begin PBXBuildFile section */
		84B0301D1E2729DD005E2CEE /* AppDelegate.swift in Sources */ = {isa = PBXBuildFile; fileRef = 84B0301C1E2729DD005E2CEE /* AppDelegate.swift */; };
		84B0301F1E2729DD005E2CEE /* ViewController.swift in Sources */ = {isa = PBXBuildFile; fileRef = 84B0301E1E2729DD005E2CEE /* ViewController.swift */; };
		84B030221E2729DD005E2CEE /* Main.storyboard in Resources */ = {isa = PBXBuildFile; fileRef = 84B030201E2729DD005E2CEE /* Main.storyboard */; };
		84B030241E2729DD005E2CEE /* Assets.xcassets in Resources */ = {isa = PBXBuildFile; fileRef = 84B030231E2729DD005E2CEE /* Assets.xcassets */; };
		84B030271E2729DD005E2CEE /* LaunchScreen.storyboard in Resources */ = {isa = PBXBuildFile; fileRef = 84B030251E2729DD005E2CEE /* LaunchScreen.storyboard */; };
		84B030391E2732B3005E2CEE /* Button+Observer.swift in Sources */ = {isa = PBXBuildFile; fileRef = 84B030361E2732B3005E2CEE /* Button+Observer.swift */; };
		84B0303A1E2732B3005E2CEE /* Observers.swift in Sources */ = {isa = PBXBuildFile; fileRef = 84B030371E2732B3005E2CEE /* Observers.swift */; };
		84B0303B1E2732B3005E2CEE /* TextInput+Textable.swift in Sources */ = {isa = PBXBuildFile; fileRef = 84B030381E2732B3005E2CEE /* TextInput+Textable.swift */; };
/* End PBXBuildFile section */

/* Begin PBXFileReference section */
		84B030191E2729DD005E2CEE /* NxEnabled.app */ = {isa = PBXFileReference; explicitFileType = wrapper.application; includeInIndex = 0; path = NxEnabled.app; sourceTree = BUILT_PRODUCTS_DIR; };
		84B0301C1E2729DD005E2CEE /* AppDelegate.swift */ = {isa = PBXFileReference; lastKnownFileType = sourcecode.swift; path = AppDelegate.swift; sourceTree = "<group>"; };
		84B0301E1E2729DD005E2CEE /* ViewController.swift */ = {isa = PBXFileReference; lastKnownFileType = sourcecode.swift; path = ViewController.swift; sourceTree = "<group>"; };
		84B030211E2729DD005E2CEE /* Base */ = {isa = PBXFileReference; lastKnownFileType = file.storyboard; name = Base; path = Base.lproj/Main.storyboard; sourceTree = "<group>"; };
		84B030231E2729DD005E2CEE /* Assets.xcassets */ = {isa = PBXFileReference; lastKnownFileType = folder.assetcatalog; path = Assets.xcassets; sourceTree = "<group>"; };
		84B030261E2729DD005E2CEE /* Base */ = {isa = PBXFileReference; lastKnownFileType = file.storyboard; name = Base; path = Base.lproj/LaunchScreen.storyboard; sourceTree = "<group>"; };
		84B030281E2729DD005E2CEE /* Info.plist */ = {isa = PBXFileReference; lastKnownFileType = text.plist.xml; path = Info.plist; sourceTree = "<group>"; };
		84B030361E2732B3005E2CEE /* Button+Observer.swift */ = {isa = PBXFileReference; fileEncoding = 4; lastKnownFileType = sourcecode.swift; path = "Button+Observer.swift"; sourceTree = "<group>"; };
		84B030371E2732B3005E2CEE /* Observers.swift */ = {isa = PBXFileReference; fileEncoding = 4; lastKnownFileType = sourcecode.swift; path = Observers.swift; sourceTree = "<group>"; };
		84B030381E2732B3005E2CEE /* TextInput+Textable.swift */ = {isa = PBXFileReference; fileEncoding = 4; lastKnownFileType = sourcecode.swift; path = "TextInput+Textable.swift"; sourceTree = "<group>"; };
/* End PBXFileReference section */

/* Begin PBXFrameworksBuildPhase section */
		84B030161E2729DC005E2CEE /* Frameworks */ = {
			isa = PBXFrameworksBuildPhase;
			buildActionMask = 2147483647;
			files = (
			);
			runOnlyForDeploymentPostprocessing = 0;
		};
/* End PBXFrameworksBuildPhase section */

/* Begin PBXGroup section */
		84B030101E2729DC005E2CEE = {
			isa = PBXGroup;
			children = (
				84B0301B1E2729DD005E2CEE /* NxEnabled */,
				84B0301A1E2729DD005E2CEE /* Products */,
			);
			sourceTree = "<group>";
		};
		84B0301A1E2729DD005E2CEE /* Products */ = {
			isa = PBXGroup;
			children = (
				84B030191E2729DD005E2CEE /* NxEnabled.app */,
			);
			name = Products;
			sourceTree = "<group>";
		};
		84B0301B1E2729DD005E2CEE /* NxEnabled */ = {
			isa = PBXGroup;
			children = (
				84B030351E2732B3005E2CEE /* NxEnabled */,
				84B0301C1E2729DD005E2CEE /* AppDelegate.swift */,
				84B0301E1E2729DD005E2CEE /* ViewController.swift */,
				84B030201E2729DD005E2CEE /* Main.storyboard */,
				84B030231E2729DD005E2CEE /* Assets.xcassets */,
				84B030251E2729DD005E2CEE /* LaunchScreen.storyboard */,
				84B030281E2729DD005E2CEE /* Info.plist */,
			);
			path = NxEnabled;
			sourceTree = "<group>";
		};
		84B030351E2732B3005E2CEE /* NxEnabled */ = {
			isa = PBXGroup;
			children = (
				84B030361E2732B3005E2CEE /* Button+Observer.swift */,
				84B030371E2732B3005E2CEE /* Observers.swift */,
				84B030381E2732B3005E2CEE /* TextInput+Textable.swift */,
			);
			path = NxEnabled;
			sourceTree = "<group>";
		};
/* End PBXGroup section */

/* Begin PBXNativeTarget section */
		84B030181E2729DC005E2CEE /* NxEnabled */ = {
			isa = PBXNativeTarget;
			buildConfigurationList = 84B0302B1E2729DD005E2CEE /* Build configuration list for PBXNativeTarget "NxEnabled" */;
			buildPhases = (
				84B030151E2729DC005E2CEE /* Sources */,
				84B030161E2729DC005E2CEE /* Frameworks */,
				84B030171E2729DC005E2CEE /* Resources */,
			);
			buildRules = (
			);
			dependencies = (
			);
			name = NxEnabled;
			productName = NxEnabled;
			productReference = 84B030191E2729DD005E2CEE /* NxEnabled.app */;
			productType = "com.apple.product-type.application";
		};
/* End PBXNativeTarget section */

/* Begin PBXProject section */
		84B030111E2729DC005E2CEE /* Project object */ = {
			isa = PBXProject;
			attributes = {
				LastSwiftUpdateCheck = 0820;
				LastUpgradeCheck = 0820;
				ORGANIZATIONNAME = Rosberry;
				TargetAttributes = {
					84B030181E2729DC005E2CEE = {
						CreatedOnToolsVersion = 8.2.1;
						DevelopmentTeam = GPVA8JVMU3;
						ProvisioningStyle = Automatic;
					};
				};
			};
			buildConfigurationList = 84B030141E2729DC005E2CEE /* Build configuration list for PBXProject "NxEnabled" */;
			compatibilityVersion = "Xcode 3.2";
			developmentRegion = English;
			hasScannedForEncodings = 0;
			knownRegions = (
				en,
				Base,
			);
			mainGroup = 84B030101E2729DC005E2CEE;
			productRefGroup = 84B0301A1E2729DD005E2CEE /* Products */;
			projectDirPath = "";
			projectRoot = "";
			targets = (
				84B030181E2729DC005E2CEE /* NxEnabled */,
			);
		};
/* End PBXProject section */

/* Begin PBXResourcesBuildPhase section */
		84B030171E2729DC005E2CEE /* Resources */ = {
			isa = PBXResourcesBuildPhase;
			buildActionMask = 2147483647;
			files = (
				84B030271E2729DD005E2CEE /* LaunchScreen.storyboard in Resources */,
				84B030241E2729DD005E2CEE /* Assets.xcassets in Resources */,
				84B030221E2729DD005E2CEE /* Main.storyboard in Resources */,
			);
			runOnlyForDeploymentPostprocessing = 0;
		};
/* End PBXResourcesBuildPhase section */

/* Begin PBXSourcesBuildPhase section */
		84B030151E2729DC005E2CEE /* Sources */ = {
			isa = PBXSourcesBuildPhase;
			buildActionMask = 2147483647;
			files = (
				84B030391E2732B3005E2CEE /* Button+Observer.swift in Sources */,
				84B0303A1E2732B3005E2CEE /* Observers.swift in Sources */,
				84B0303B1E2732B3005E2CEE /* TextInput+Textable.swift in Sources */,
				84B0301F1E2729DD005E2CEE /* ViewController.swift in Sources */,
				84B0301D1E2729DD005E2CEE /* AppDelegate.swift in Sources */,
			);
			runOnlyForDeploymentPostprocessing = 0;
		};
/* End PBXSourcesBuildPhase section */

/* Begin PBXVariantGroup section */
		84B030201E2729DD005E2CEE /* Main.storyboard */ = {
			isa = PBXVariantGroup;
			children = (
				84B030211E2729DD005E2CEE /* Base */,
			);
			name = Main.storyboard;
			sourceTree = "<group>";
		};
		84B030251E2729DD005E2CEE /* LaunchScreen.storyboard */ = {
			isa = PBXVariantGroup;
			children = (
				84B030261E2729DD005E2CEE /* Base */,
			);
			name = LaunchScreen.storyboard;
			sourceTree = "<group>";
		};
/* End PBXVariantGroup section */

/* Begin XCBuildConfiguration section */
		84B030291E2729DD005E2CEE /* Debug */ = {
			isa = XCBuildConfiguration;
			buildSettings = {
				ALWAYS_SEARCH_USER_PATHS = NO;
				CLANG_ANALYZER_NONNULL = YES;
				CLANG_CXX_LANGUAGE_STANDARD = "gnu++0x";
				CLANG_CXX_LIBRARY = "libc++";
				CLANG_ENABLE_MODULES = YES;
				CLANG_ENABLE_OBJC_ARC = YES;
				CLANG_WARN_BOOL_CONVERSION = YES;
				CLANG_WARN_CONSTANT_CONVERSION = YES;
				CLANG_WARN_DIRECT_OBJC_ISA_USAGE = YES_ERROR;
				CLANG_WARN_DOCUMENTATION_COMMENTS = YES;
				CLANG_WARN_EMPTY_BODY = YES;
				CLANG_WARN_ENUM_CONVERSION = YES;
				CLANG_WARN_INFINITE_RECURSION = YES;
				CLANG_WARN_INT_CONVERSION = YES;
				CLANG_WARN_OBJC_ROOT_CLASS = YES_ERROR;
				CLANG_WARN_SUSPICIOUS_MOVE = YES;
				CLANG_WARN_UNREACHABLE_CODE = YES;
				CLANG_WARN__DUPLICATE_METHOD_MATCH = YES;
				"CODE_SIGN_IDENTITY[sdk=iphoneos*]" = "iPhone Developer";
				COPY_PHASE_STRIP = NO;
				DEBUG_INFORMATION_FORMAT = dwarf;
				ENABLE_STRICT_OBJC_MSGSEND = YES;
				ENABLE_TESTABILITY = YES;
				GCC_C_LANGUAGE_STANDARD = gnu99;
				GCC_DYNAMIC_NO_PIC = NO;
				GCC_NO_COMMON_BLOCKS = YES;
				GCC_OPTIMIZATION_LEVEL = 0;
				GCC_PREPROCESSOR_DEFINITIONS = (
					"DEBUG=1",
					"$(inherited)",
				);
				GCC_WARN_64_TO_32_BIT_CONVERSION = YES;
				GCC_WARN_ABOUT_RETURN_TYPE = YES_ERROR;
				GCC_WARN_UNDECLARED_SELECTOR = YES;
				GCC_WARN_UNINITIALIZED_AUTOS = YES_AGGRESSIVE;
				GCC_WARN_UNUSED_FUNCTION = YES;
				GCC_WARN_UNUSED_VARIABLE = YES;
				IPHONEOS_DEPLOYMENT_TARGET = 10.2;
				MTL_ENABLE_DEBUG_INFO = YES;
				ONLY_ACTIVE_ARCH = YES;
				SDKROOT = iphoneos;
				SWIFT_ACTIVE_COMPILATION_CONDITIONS = DEBUG;
				SWIFT_OPTIMIZATION_LEVEL = "-Onone";
			};
			name = Debug;
		};
		84B0302A1E2729DD005E2CEE /* Release */ = {
			isa = XCBuildConfiguration;
			buildSettings = {
				ALWAYS_SEARCH_USER_PATHS = NO;
				CLANG_ANALYZER_NONNULL = YES;
				CLANG_CXX_LANGUAGE_STANDARD = "gnu++0x";
				CLANG_CXX_LIBRARY = "libc++";
				CLANG_ENABLE_MODULES = YES;
				CLANG_ENABLE_OBJC_ARC = YES;
				CLANG_WARN_BOOL_CONVERSION = YES;
				CLANG_WARN_CONSTANT_CONVERSION = YES;
				CLANG_WARN_DIRECT_OBJC_ISA_USAGE = YES_ERROR;
				CLANG_WARN_DOCUMENTATION_COMMENTS = YES;
				CLANG_WARN_EMPTY_BODY = YES;
				CLANG_WARN_ENUM_CONVERSION = YES;
				CLANG_WARN_INFINITE_RECURSION = YES;
				CLANG_WARN_INT_CONVERSION = YES;
				CLANG_WARN_OBJC_ROOT_CLASS = YES_ERROR;
				CLANG_WARN_SUSPICIOUS_MOVE = YES;
				CLANG_WARN_UNREACHABLE_CODE = YES;
				CLANG_WARN__DUPLICATE_METHOD_MATCH = YES;
				"CODE_SIGN_IDENTITY[sdk=iphoneos*]" = "iPhone Developer";
				COPY_PHASE_STRIP = NO;
				DEBUG_INFORMATION_FORMAT = "dwarf-with-dsym";
				ENABLE_NS_ASSERTIONS = NO;
				ENABLE_STRICT_OBJC_MSGSEND = YES;
				GCC_C_LANGUAGE_STANDARD = gnu99;
				GCC_NO_COMMON_BLOCKS = YES;
				GCC_WARN_64_TO_32_BIT_CONVERSION = YES;
				GCC_WARN_ABOUT_RETURN_TYPE = YES_ERROR;
				GCC_WARN_UNDECLARED_SELECTOR = YES;
				GCC_WARN_UNINITIALIZED_AUTOS = YES_AGGRESSIVE;
				GCC_WARN_UNUSED_FUNCTION = YES;
				GCC_WARN_UNUSED_VARIABLE = YES;
				IPHONEOS_DEPLOYMENT_TARGET = 10.2;
				MTL_ENABLE_DEBUG_INFO = NO;
				SDKROOT = iphoneos;
				SWIFT_OPTIMIZATION_LEVEL = "-Owholemodule";
				VALIDATE_PRODUCT = YES;
			};
			name = Release;
		};
		84B0302C1E2729DD005E2CEE /* Debug */ = {
			isa = XCBuildConfiguration;
			buildSettings = {
				ASSETCATALOG_COMPILER_APPICON_NAME = AppIcon;
				DEVELOPMENT_TEAM = GPVA8JVMU3;
				INFOPLIST_FILE = NxEnabled/Info.plist;
				LD_RUNPATH_SEARCH_PATHS = "$(inherited) @executable_path/Frameworks";
				PRODUCT_BUNDLE_IDENTIFIER = com.rosberry.NxEnabled;
				PRODUCT_NAME = "$(TARGET_NAME)";
				SWIFT_OBJC_BRIDGING_HEADER = "";
				SWIFT_VERSION = 3.0;
			};
			name = Debug;
		};
		84B0302D1E2729DD005E2CEE /* Release */ = {
			isa = XCBuildConfiguration;
			buildSettings = {
				ASSETCATALOG_COMPILER_APPICON_NAME = AppIcon;
				DEVELOPMENT_TEAM = GPVA8JVMU3;
				INFOPLIST_FILE = NxEnabled/Info.plist;
				LD_RUNPATH_SEARCH_PATHS = "$(inherited) @executable_path/Frameworks";
				PRODUCT_BUNDLE_IDENTIFIER = com.rosberry.NxEnabled;
				PRODUCT_NAME = "$(TARGET_NAME)";
				SWIFT_OBJC_BRIDGING_HEADER = "";
				SWIFT_VERSION = 3.0;
			};
			name = Release;
		};
/* End XCBuildConfiguration section */

/* Begin XCConfigurationList section */
		84B030141E2729DC005E2CEE /* Build configuration list for PBXProject "NxEnabled" */ = {
			isa = XCConfigurationList;
			buildConfigurations = (
				84B030291E2729DD005E2CEE /* Debug */,
				84B0302A1E2729DD005E2CEE /* Release */,
			);
			defaultConfigurationIsVisible = 0;
			defaultConfigurationName = Release;
		};
		84B0302B1E2729DD005E2CEE /* Build configuration list for PBXNativeTarget "NxEnabled" */ = {
			isa = XCConfigurationList;
			buildConfigurations = (
				84B0302C1E2729DD005E2CEE /* Debug */,
				84B0302D1E2729DD005E2CEE /* Release */,
			);
			defaultConfigurationIsVisible = 0;
			defaultConfigurationName = Release;
		};
/* End XCConfigurationList section */
	};
	rootObject = 84B030111E2729DC005E2CEE /* Project object */;
}
